// !$*UTF8*$!
{
	archiveVersion = 1;
	classes = {
	};
	objectVersion = 56;
	objects = {

/* Begin PBXBuildFile section */
		8B1601212B82B56A0017FD2B /* LexendDeca-Regular.ttf in Resources */ = {isa = PBXBuildFile; fileRef = 8B1601202B82B56A0017FD2B /* LexendDeca-Regular.ttf */; };
		8B16013E2B82C4A10017FD2B /* CheckAccountView.swift in Sources */ = {isa = PBXBuildFile; fileRef = 8B16013D2B82C4A10017FD2B /* CheckAccountView.swift */; };
		8B1601402B82C57A0017FD2B /* CustomButton.swift in Sources */ = {isa = PBXBuildFile; fileRef = 8B16013F2B82C57A0017FD2B /* CustomButton.swift */; };
		8B1601422B82C6960017FD2B /* CustomText.swift in Sources */ = {isa = PBXBuildFile; fileRef = 8B1601412B82C6960017FD2B /* CustomText.swift */; };
		8B1601442B82CD000017FD2B /* checkAcc.png in Resources */ = {isa = PBXBuildFile; fileRef = 8B1601432B82CD000017FD2B /* checkAcc.png */; };
		8B16014B2B82D7580017FD2B /* StatusWelcomePage.swift in Sources */ = {isa = PBXBuildFile; fileRef = 8B16014A2B82D7580017FD2B /* StatusWelcomePage.swift */; };
		8B16014D2B82D8CA0017FD2B /* SignInView.swift in Sources */ = {isa = PBXBuildFile; fileRef = 8B16014C2B82D8CA0017FD2B /* SignInView.swift */; };
		8B16014F2B82DA060017FD2B /* CustomTextField.swift in Sources */ = {isa = PBXBuildFile; fileRef = 8B16014E2B82DA060017FD2B /* CustomTextField.swift */; };
		8B1601512B82F40F0017FD2B /* signin.png in Resources */ = {isa = PBXBuildFile; fileRef = 8B1601502B82F40F0017FD2B /* signin.png */; };
		8B1601532B82F6F70017FD2B /* SignIn.swift in Sources */ = {isa = PBXBuildFile; fileRef = 8B1601522B82F6F70017FD2B /* SignIn.swift */; };
		8B1601552B82F9B40017FD2B /* SignUp.swift in Sources */ = {isa = PBXBuildFile; fileRef = 8B1601542B82F9B40017FD2B /* SignUp.swift */; };
		8B279F322B80A16E00C1C298 /* ToDoListApp.swift in Sources */ = {isa = PBXBuildFile; fileRef = 8B279F312B80A16E00C1C298 /* ToDoListApp.swift */; };
		8B279F362B80A17000C1C298 /* Assets.xcassets in Resources */ = {isa = PBXBuildFile; fileRef = 8B279F352B80A17000C1C298 /* Assets.xcassets */; };
		8B279F392B80A17000C1C298 /* Preview Assets.xcassets in Resources */ = {isa = PBXBuildFile; fileRef = 8B279F382B80A17000C1C298 /* Preview Assets.xcassets */; };
		8B40321A2B80B0590097D29C /* WelcomePageView.swift in Sources */ = {isa = PBXBuildFile; fileRef = 8B4032192B80B0590097D29C /* WelcomePageView.swift */; };
		8B40321C2B80C3480097D29C /* Data.swift in Sources */ = {isa = PBXBuildFile; fileRef = 8B40321B2B80C3480097D29C /* Data.swift */; };
		8B40321E2B80C4930097D29C /* WelcomePageModel.swift in Sources */ = {isa = PBXBuildFile; fileRef = 8B40321D2B80C4930097D29C /* WelcomePageModel.swift */; };
		8BC1B6E82B8158380069ECF6 /* onbording3.png in Resources */ = {isa = PBXBuildFile; fileRef = 8BC1B6E52B8158380069ECF6 /* onbording3.png */; };
		8BC1B6E92B8158380069ECF6 /* onbording2.png in Resources */ = {isa = PBXBuildFile; fileRef = 8BC1B6E62B8158380069ECF6 /* onbording2.png */; };
		8BC1B6EA2B8158380069ECF6 /* onbording1.png in Resources */ = {isa = PBXBuildFile; fileRef = 8BC1B6E72B8158380069ECF6 /* onbording1.png */; };
/* End PBXBuildFile section */

/* Begin PBXFileReference section */
		8B1601202B82B56A0017FD2B /* LexendDeca-Regular.ttf */ = {isa = PBXFileReference; lastKnownFileType = file; path = "LexendDeca-Regular.ttf"; sourceTree = "<group>"; };
		8B16013C2B82B8710017FD2B /* Info.plist */ = {isa = PBXFileReference; lastKnownFileType = text.plist.xml; path = Info.plist; sourceTree = "<group>"; };
		8B16013D2B82C4A10017FD2B /* CheckAccountView.swift */ = {isa = PBXFileReference; lastKnownFileType = sourcecode.swift; path = CheckAccountView.swift; sourceTree = "<group>"; };
		8B16013F2B82C57A0017FD2B /* CustomButton.swift */ = {isa = PBXFileReference; lastKnownFileType = sourcecode.swift; path = CustomButton.swift; sourceTree = "<group>"; };
		8B1601412B82C6960017FD2B /* CustomText.swift */ = {isa = PBXFileReference; lastKnownFileType = sourcecode.swift; path = CustomText.swift; sourceTree = "<group>"; };
		8B1601432B82CD000017FD2B /* checkAcc.png */ = {isa = PBXFileReference; lastKnownFileType = image.png; path = checkAcc.png; sourceTree = "<group>"; };
		8B16014A2B82D7580017FD2B /* StatusWelcomePage.swift */ = {isa = PBXFileReference; lastKnownFileType = sourcecode.swift; path = StatusWelcomePage.swift; sourceTree = "<group>"; };
		8B16014C2B82D8CA0017FD2B /* SignInView.swift */ = {isa = PBXFileReference; lastKnownFileType = sourcecode.swift; path = SignInView.swift; sourceTree = "<group>"; };
		8B16014E2B82DA060017FD2B /* CustomTextField.swift */ = {isa = PBXFileReference; lastKnownFileType = sourcecode.swift; path = CustomTextField.swift; sourceTree = "<group>"; };
		8B1601502B82F40F0017FD2B /* signin.png */ = {isa = PBXFileReference; lastKnownFileType = image.png; path = signin.png; sourceTree = "<group>"; };
		8B1601522B82F6F70017FD2B /* SignIn.swift */ = {isa = PBXFileReference; lastKnownFileType = sourcecode.swift; path = SignIn.swift; sourceTree = "<group>"; };
		8B1601542B82F9B40017FD2B /* SignUp.swift */ = {isa = PBXFileReference; lastKnownFileType = sourcecode.swift; path = SignUp.swift; sourceTree = "<group>"; };
		8B279F2E2B80A16E00C1C298 /* ToDoList.app */ = {isa = PBXFileReference; explicitFileType = wrapper.application; includeInIndex = 0; path = ToDoList.app; sourceTree = BUILT_PRODUCTS_DIR; };
		8B279F312B80A16E00C1C298 /* ToDoListApp.swift */ = {isa = PBXFileReference; lastKnownFileType = sourcecode.swift; path = ToDoListApp.swift; sourceTree = "<group>"; };
		8B279F352B80A17000C1C298 /* Assets.xcassets */ = {isa = PBXFileReference; lastKnownFileType = folder.assetcatalog; path = Assets.xcassets; sourceTree = "<group>"; };
		8B279F382B80A17000C1C298 /* Preview Assets.xcassets */ = {isa = PBXFileReference; lastKnownFileType = folder.assetcatalog; path = "Preview Assets.xcassets"; sourceTree = "<group>"; };
		8B4032192B80B0590097D29C /* WelcomePageView.swift */ = {isa = PBXFileReference; lastKnownFileType = sourcecode.swift; path = WelcomePageView.swift; sourceTree = "<group>"; };
		8B40321B2B80C3480097D29C /* Data.swift */ = {isa = PBXFileReference; lastKnownFileType = sourcecode.swift; path = Data.swift; sourceTree = "<group>"; };
		8B40321D2B80C4930097D29C /* WelcomePageModel.swift */ = {isa = PBXFileReference; lastKnownFileType = sourcecode.swift; path = WelcomePageModel.swift; sourceTree = "<group>"; };
		8BC1B6E52B8158380069ECF6 /* onbording3.png */ = {isa = PBXFileReference; lastKnownFileType = image.png; path = onbording3.png; sourceTree = "<group>"; };
		8BC1B6E62B8158380069ECF6 /* onbording2.png */ = {isa = PBXFileReference; lastKnownFileType = image.png; path = onbording2.png; sourceTree = "<group>"; };
		8BC1B6E72B8158380069ECF6 /* onbording1.png */ = {isa = PBXFileReference; lastKnownFileType = image.png; path = onbording1.png; sourceTree = "<group>"; };
/* End PBXFileReference section */

/* Begin PBXFrameworksBuildPhase section */
		8B279F2B2B80A16E00C1C298 /* Frameworks */ = {
			isa = PBXFrameworksBuildPhase;
			buildActionMask = 2147483647;
			files = (
			);
			runOnlyForDeploymentPostprocessing = 0;
		};
/* End PBXFrameworksBuildPhase section */

/* Begin PBXGroup section */
		8B16011C2B82B3EC0017FD2B /* img */ = {
			isa = PBXGroup;
			children = (
				8B1601502B82F40F0017FD2B /* signin.png */,
				8B1601432B82CD000017FD2B /* checkAcc.png */,
				8BC1B6E52B8158380069ECF6 /* onbording3.png */,
				8BC1B6E72B8158380069ECF6 /* onbording1.png */,
				8BC1B6E62B8158380069ECF6 /* onbording2.png */,
			);
			path = img;
			sourceTree = "<group>";
		};
		8B16011D2B82B4090017FD2B /* font */ = {
			isa = PBXGroup;
			children = (
				8B1601202B82B56A0017FD2B /* LexendDeca-Regular.ttf */,
			);
			path = font;
			sourceTree = "<group>";
		};
		8B1601472B82D4A80017FD2B /* Controller */ = {
			isa = PBXGroup;
			children = (
			);
			path = Controller;
			sourceTree = "<group>";
		};
		8B279F252B80A16E00C1C298 = {
			isa = PBXGroup;
			children = (
				8B279F302B80A16E00C1C298 /* ToDoList */,
				8B279F2F2B80A16E00C1C298 /* Products */,
			);
			sourceTree = "<group>";
		};
		8B279F2F2B80A16E00C1C298 /* Products */ = {
			isa = PBXGroup;
			children = (
				8B279F2E2B80A16E00C1C298 /* ToDoList.app */,
			);
			name = Products;
			sourceTree = "<group>";
		};
		8B279F302B80A16E00C1C298 /* ToDoList */ = {
			isa = PBXGroup;
			children = (
				8B1601472B82D4A80017FD2B /* Controller */,
				8BC1B6DE2B81579E0069ECF6 /* source */,
				8B4032182B80AF730097D29C /* viewModel */,
				8B4032172B80AF680097D29C /* view */,
				8B4032162B80AF5D0097D29C /* model */,
				8B4032152B80A8590097D29C /* main */,
				8B279F372B80A17000C1C298 /* Preview Content */,
			);
			path = ToDoList;
			sourceTree = "<group>";
		};
		8B279F372B80A17000C1C298 /* Preview Content */ = {
			isa = PBXGroup;
			children = (
				8B279F382B80A17000C1C298 /* Preview Assets.xcassets */,
			);
			path = "Preview Content";
			sourceTree = "<group>";
		};
		8B4032152B80A8590097D29C /* main */ = {
			isa = PBXGroup;
			children = (
				8B279F312B80A16E00C1C298 /* ToDoListApp.swift */,
				8B16013C2B82B8710017FD2B /* Info.plist */,
				8B279F352B80A17000C1C298 /* Assets.xcassets */,
			);
			path = main;
			sourceTree = "<group>";
		};
		8B4032162B80AF5D0097D29C /* model */ = {
			isa = PBXGroup;
			children = (
				8B40321D2B80C4930097D29C /* WelcomePageModel.swift */,
				8B16013F2B82C57A0017FD2B /* CustomButton.swift */,
				8B1601412B82C6960017FD2B /* CustomText.swift */,
				8B16014E2B82DA060017FD2B /* CustomTextField.swift */,
			);
			path = model;
			sourceTree = "<group>";
		};
		8B4032172B80AF680097D29C /* view */ = {
			isa = PBXGroup;
			children = (
				8B4032192B80B0590097D29C /* WelcomePageView.swift */,
				8B16013D2B82C4A10017FD2B /* CheckAccountView.swift */,
				8B16014C2B82D8CA0017FD2B /* SignInView.swift */,
			);
			path = view;
			sourceTree = "<group>";
		};
		8B4032182B80AF730097D29C /* viewModel */ = {
			isa = PBXGroup;
			children = (
				8B40321B2B80C3480097D29C /* Data.swift */,
				8B16014A2B82D7580017FD2B /* StatusWelcomePage.swift */,
				8B1601522B82F6F70017FD2B /* SignIn.swift */,
				8B1601542B82F9B40017FD2B /* SignUp.swift */,
			);
			path = viewModel;
			sourceTree = "<group>";
		};
		8BC1B6DE2B81579E0069ECF6 /* source */ = {
			isa = PBXGroup;
			children = (
				8B16011D2B82B4090017FD2B /* font */,
				8B16011C2B82B3EC0017FD2B /* img */,
			);
			path = source;
			sourceTree = "<group>";
		};
/* End PBXGroup section */

/* Begin PBXNativeTarget section */
		8B279F2D2B80A16E00C1C298 /* ToDoList */ = {
			isa = PBXNativeTarget;
			buildConfigurationList = 8B279F3C2B80A17000C1C298 /* Build configuration list for PBXNativeTarget "ToDoList" */;
			buildPhases = (
				8B279F2A2B80A16E00C1C298 /* Sources */,
				8B279F2B2B80A16E00C1C298 /* Frameworks */,
				8B279F2C2B80A16E00C1C298 /* Resources */,
			);
			buildRules = (
			);
			dependencies = (
			);
			name = ToDoList;
			productName = ToDoList;
			productReference = 8B279F2E2B80A16E00C1C298 /* ToDoList.app */;
			productType = "com.apple.product-type.application";
		};
/* End PBXNativeTarget section */

/* Begin PBXProject section */
		8B279F262B80A16E00C1C298 /* Project object */ = {
			isa = PBXProject;
			attributes = {
				BuildIndependentTargetsInParallel = 1;
				LastSwiftUpdateCheck = 1520;
				LastUpgradeCheck = 1520;
				TargetAttributes = {
					8B279F2D2B80A16E00C1C298 = {
						CreatedOnToolsVersion = 15.2;
					};
				};
			};
			buildConfigurationList = 8B279F292B80A16E00C1C298 /* Build configuration list for PBXProject "ToDoList" */;
			compatibilityVersion = "Xcode 14.0";
			developmentRegion = en;
			hasScannedForEncodings = 0;
			knownRegions = (
				en,
				Base,
			);
			mainGroup = 8B279F252B80A16E00C1C298;
			productRefGroup = 8B279F2F2B80A16E00C1C298 /* Products */;
			projectDirPath = "";
			projectRoot = "";
			targets = (
				8B279F2D2B80A16E00C1C298 /* ToDoList */,
			);
		};
/* End PBXProject section */

/* Begin PBXResourcesBuildPhase section */
		8B279F2C2B80A16E00C1C298 /* Resources */ = {
			isa = PBXResourcesBuildPhase;
			buildActionMask = 2147483647;
			files = (
				8B279F392B80A17000C1C298 /* Preview Assets.xcassets in Resources */,
				8BC1B6E92B8158380069ECF6 /* onbording2.png in Resources */,
				8B279F362B80A17000C1C298 /* Assets.xcassets in Resources */,
				8BC1B6E82B8158380069ECF6 /* onbording3.png in Resources */,
				8B1601442B82CD000017FD2B /* checkAcc.png in Resources */,
				8B1601512B82F40F0017FD2B /* signin.png in Resources */,
				8B1601212B82B56A0017FD2B /* LexendDeca-Regular.ttf in Resources */,
				8BC1B6EA2B8158380069ECF6 /* onbording1.png in Resources */,
			);
			runOnlyForDeploymentPostprocessing = 0;
		};
/* End PBXResourcesBuildPhase section */

/* Begin PBXSourcesBuildPhase section */
		8B279F2A2B80A16E00C1C298 /* Sources */ = {
			isa = PBXSourcesBuildPhase;
			buildActionMask = 2147483647;
			files = (
				8B16014D2B82D8CA0017FD2B /* SignInView.swift in Sources */,
				8B1601552B82F9B40017FD2B /* SignUp.swift in Sources */,
				8B16014B2B82D7580017FD2B /* StatusWelcomePage.swift in Sources */,
				8B1601422B82C6960017FD2B /* CustomText.swift in Sources */,
				8B1601532B82F6F70017FD2B /* SignIn.swift in Sources */,
				8B16013E2B82C4A10017FD2B /* CheckAccountView.swift in Sources */,
				8B16014F2B82DA060017FD2B /* CustomTextField.swift in Sources */,
				8B40321A2B80B0590097D29C /* WelcomePageView.swift in Sources */,
				8B1601402B82C57A0017FD2B /* CustomButton.swift in Sources */,
				8B279F322B80A16E00C1C298 /* ToDoListApp.swift in Sources */,
				8B40321E2B80C4930097D29C /* WelcomePageModel.swift in Sources */,
				8B40321C2B80C3480097D29C /* Data.swift in Sources */,
			);
			runOnlyForDeploymentPostprocessing = 0;
		};
/* End PBXSourcesBuildPhase section */

/* Begin XCBuildConfiguration section */
		8B279F3A2B80A17000C1C298 /* Debug */ = {
			isa = XCBuildConfiguration;
			buildSettings = {
				ALWAYS_SEARCH_USER_PATHS = NO;
				ASSETCATALOG_COMPILER_GENERATE_SWIFT_ASSET_SYMBOL_EXTENSIONS = YES;
				CLANG_ANALYZER_NONNULL = YES;
				CLANG_ANALYZER_NUMBER_OBJECT_CONVERSION = YES_AGGRESSIVE;
				CLANG_CXX_LANGUAGE_STANDARD = "gnu++20";
				CLANG_ENABLE_MODULES = YES;
				CLANG_ENABLE_OBJC_ARC = YES;
				CLANG_ENABLE_OBJC_WEAK = YES;
				CLANG_WARN_BLOCK_CAPTURE_AUTORELEASING = YES;
				CLANG_WARN_BOOL_CONVERSION = YES;
				CLANG_WARN_COMMA = YES;
				CLANG_WARN_CONSTANT_CONVERSION = YES;
				CLANG_WARN_DEPRECATED_OBJC_IMPLEMENTATIONS = YES;
				CLANG_WARN_DIRECT_OBJC_ISA_USAGE = YES_ERROR;
				CLANG_WARN_DOCUMENTATION_COMMENTS = YES;
				CLANG_WARN_EMPTY_BODY = YES;
				CLANG_WARN_ENUM_CONVERSION = YES;
				CLANG_WARN_INFINITE_RECURSION = YES;
				CLANG_WARN_INT_CONVERSION = YES;
				CLANG_WARN_NON_LITERAL_NULL_CONVERSION = YES;
				CLANG_WARN_OBJC_IMPLICIT_RETAIN_SELF = YES;
				CLANG_WARN_OBJC_LITERAL_CONVERSION = YES;
				CLANG_WARN_OBJC_ROOT_CLASS = YES_ERROR;
				CLANG_WARN_QUOTED_INCLUDE_IN_FRAMEWORK_HEADER = YES;
				CLANG_WARN_RANGE_LOOP_ANALYSIS = YES;
				CLANG_WARN_STRICT_PROTOTYPES = YES;
				CLANG_WARN_SUSPICIOUS_MOVE = YES;
				CLANG_WARN_UNGUARDED_AVAILABILITY = YES_AGGRESSIVE;
				CLANG_WARN_UNREACHABLE_CODE = YES;
				CLANG_WARN__DUPLICATE_METHOD_MATCH = YES;
				COPY_PHASE_STRIP = NO;
				DEBUG_INFORMATION_FORMAT = dwarf;
				ENABLE_STRICT_OBJC_MSGSEND = YES;
				ENABLE_TESTABILITY = YES;
				ENABLE_USER_SCRIPT_SANDBOXING = YES;
				GCC_C_LANGUAGE_STANDARD = gnu17;
				GCC_DYNAMIC_NO_PIC = NO;
				GCC_NO_COMMON_BLOCKS = YES;
				GCC_OPTIMIZATION_LEVEL = 0;
				GCC_PREPROCESSOR_DEFINITIONS = (
					"DEBUG=1",
					"$(inherited)",
				);
				GCC_WARN_64_TO_32_BIT_CONVERSION = YES;
				GCC_WARN_ABOUT_RETURN_TYPE = YES_ERROR;
				GCC_WARN_UNDECLARED_SELECTOR = YES;
				GCC_WARN_UNINITIALIZED_AUTOS = YES_AGGRESSIVE;
				GCC_WARN_UNUSED_FUNCTION = YES;
				GCC_WARN_UNUSED_VARIABLE = YES;
				IPHONEOS_DEPLOYMENT_TARGET = 17.2;
				LOCALIZATION_PREFERS_STRING_CATALOGS = YES;
				MTL_ENABLE_DEBUG_INFO = INCLUDE_SOURCE;
				MTL_FAST_MATH = YES;
				ONLY_ACTIVE_ARCH = YES;
				SDKROOT = iphoneos;
				SWIFT_ACTIVE_COMPILATION_CONDITIONS = "DEBUG $(inherited)";
				SWIFT_OPTIMIZATION_LEVEL = "-Onone";
			};
			name = Debug;
		};
		8B279F3B2B80A17000C1C298 /* Release */ = {
			isa = XCBuildConfiguration;
			buildSettings = {
				ALWAYS_SEARCH_USER_PATHS = NO;
				ASSETCATALOG_COMPILER_GENERATE_SWIFT_ASSET_SYMBOL_EXTENSIONS = YES;
				CLANG_ANALYZER_NONNULL = YES;
				CLANG_ANALYZER_NUMBER_OBJECT_CONVERSION = YES_AGGRESSIVE;
				CLANG_CXX_LANGUAGE_STANDARD = "gnu++20";
				CLANG_ENABLE_MODULES = YES;
				CLANG_ENABLE_OBJC_ARC = YES;
				CLANG_ENABLE_OBJC_WEAK = YES;
				CLANG_WARN_BLOCK_CAPTURE_AUTORELEASING = YES;
				CLANG_WARN_BOOL_CONVERSION = YES;
				CLANG_WARN_COMMA = YES;
				CLANG_WARN_CONSTANT_CONVERSION = YES;
				CLANG_WARN_DEPRECATED_OBJC_IMPLEMENTATIONS = YES;
				CLANG_WARN_DIRECT_OBJC_ISA_USAGE = YES_ERROR;
				CLANG_WARN_DOCUMENTATION_COMMENTS = YES;
				CLANG_WARN_EMPTY_BODY = YES;
				CLANG_WARN_ENUM_CONVERSION = YES;
				CLANG_WARN_INFINITE_RECURSION = YES;
				CLANG_WARN_INT_CONVERSION = YES;
				CLANG_WARN_NON_LITERAL_NULL_CONVERSION = YES;
				CLANG_WARN_OBJC_IMPLICIT_RETAIN_SELF = YES;
				CLANG_WARN_OBJC_LITERAL_CONVERSION = YES;
				CLANG_WARN_OBJC_ROOT_CLASS = YES_ERROR;
				CLANG_WARN_QUOTED_INCLUDE_IN_FRAMEWORK_HEADER = YES;
				CLANG_WARN_RANGE_LOOP_ANALYSIS = YES;
				CLANG_WARN_STRICT_PROTOTYPES = YES;
				CLANG_WARN_SUSPICIOUS_MOVE = YES;
				CLANG_WARN_UNGUARDED_AVAILABILITY = YES_AGGRESSIVE;
				CLANG_WARN_UNREACHABLE_CODE = YES;
				CLANG_WARN__DUPLICATE_METHOD_MATCH = YES;
				COPY_PHASE_STRIP = NO;
				DEBUG_INFORMATION_FORMAT = "dwarf-with-dsym";
				ENABLE_NS_ASSERTIONS = NO;
				ENABLE_STRICT_OBJC_MSGSEND = YES;
				ENABLE_USER_SCRIPT_SANDBOXING = YES;
				GCC_C_LANGUAGE_STANDARD = gnu17;
				GCC_NO_COMMON_BLOCKS = YES;
				GCC_WARN_64_TO_32_BIT_CONVERSION = YES;
				GCC_WARN_ABOUT_RETURN_TYPE = YES_ERROR;
				GCC_WARN_UNDECLARED_SELECTOR = YES;
				GCC_WARN_UNINITIALIZED_AUTOS = YES_AGGRESSIVE;
				GCC_WARN_UNUSED_FUNCTION = YES;
				GCC_WARN_UNUSED_VARIABLE = YES;
				IPHONEOS_DEPLOYMENT_TARGET = 17.2;
				LOCALIZATION_PREFERS_STRING_CATALOGS = YES;
				MTL_ENABLE_DEBUG_INFO = NO;
				MTL_FAST_MATH = YES;
				SDKROOT = iphoneos;
				SWIFT_COMPILATION_MODE = wholemodule;
				VALIDATE_PRODUCT = YES;
			};
			name = Release;
		};
		8B279F3D2B80A17000C1C298 /* Debug */ = {
			isa = XCBuildConfiguration;
			buildSettings = {
				ASSETCATALOG_COMPILER_APPICON_NAME = AppIcon;
				ASSETCATALOG_COMPILER_GLOBAL_ACCENT_COLOR_NAME = AccentColor;
				CODE_SIGN_STYLE = Automatic;
				CURRENT_PROJECT_VERSION = 1;
				DEVELOPMENT_ASSET_PATHS = "\"ToDoList/Preview Content\"";
				ENABLE_PREVIEWS = YES;
				GENERATE_INFOPLIST_FILE = YES;
				INFOPLIST_FILE = ToDoList/main/Info.plist;
				INFOPLIST_KEY_UIApplicationSceneManifest_Generation = YES;
				INFOPLIST_KEY_UIApplicationSupportsIndirectInputEvents = YES;
				INFOPLIST_KEY_UILaunchScreen_Generation = YES;
				INFOPLIST_KEY_UISupportedInterfaceOrientations_iPad = "UIInterfaceOrientationPortrait UIInterfaceOrientationPortraitUpsideDown UIInterfaceOrientationLandscapeLeft UIInterfaceOrientationLandscapeRight";
				INFOPLIST_KEY_UISupportedInterfaceOrientations_iPhone = "UIInterfaceOrientationPortrait UIInterfaceOrientationLandscapeLeft UIInterfaceOrientationLandscapeRight";
				LD_RUNPATH_SEARCH_PATHS = (
					"$(inherited)",
					"@executable_path/Frameworks",
				);
				MARKETING_VERSION = 1.0;
				PRODUCT_BUNDLE_IDENTIFIER = Apple.ToDoList;
				PRODUCT_NAME = "$(TARGET_NAME)";
				SWIFT_EMIT_LOC_STRINGS = YES;
				SWIFT_VERSION = 5.0;
				TARGETED_DEVICE_FAMILY = "1,2";
			};
			name = Debug;
		};
		8B279F3E2B80A17000C1C298 /* Release */ = {
			isa = XCBuildConfiguration;
			buildSettings = {
				ASSETCATALOG_COMPILER_APPICON_NAME = AppIcon;
				ASSETCATALOG_COMPILER_GLOBAL_ACCENT_COLOR_NAME = AccentColor;
				CODE_SIGN_STYLE = Automatic;
				CURRENT_PROJECT_VERSION = 1;
				DEVELOPMENT_ASSET_PATHS = "\"ToDoList/Preview Content\"";
				ENABLE_PREVIEWS = YES;
				GENERATE_INFOPLIST_FILE = YES;
				INFOPLIST_FILE = ToDoList/main/Info.plist;
				INFOPLIST_KEY_UIApplicationSceneManifest_Generation = YES;
				INFOPLIST_KEY_UIApplicationSupportsIndirectInputEvents = YES;
				INFOPLIST_KEY_UILaunchScreen_Generation = YES;
				INFOPLIST_KEY_UISupportedInterfaceOrientations_iPad = "UIInterfaceOrientationPortrait UIInterfaceOrientationPortraitUpsideDown UIInterfaceOrientationLandscapeLeft UIInterfaceOrientationLandscapeRight";
				INFOPLIST_KEY_UISupportedInterfaceOrientations_iPhone = "UIInterfaceOrientationPortrait UIInterfaceOrientationLandscapeLeft UIInterfaceOrientationLandscapeRight";
				LD_RUNPATH_SEARCH_PATHS = (
					"$(inherited)",
					"@executable_path/Frameworks",
				);
				MARKETING_VERSION = 1.0;
				PRODUCT_BUNDLE_IDENTIFIER = Apple.ToDoList;
				PRODUCT_NAME = "$(TARGET_NAME)";
				SWIFT_EMIT_LOC_STRINGS = YES;
				SWIFT_VERSION = 5.0;
				TARGETED_DEVICE_FAMILY = "1,2";
			};
			name = Release;
		};
/* End XCBuildConfiguration section */

/* Begin XCConfigurationList section */
		8B279F292B80A16E00C1C298 /* Build configuration list for PBXProject "ToDoList" */ = {
			isa = XCConfigurationList;
			buildConfigurations = (
				8B279F3A2B80A17000C1C298 /* Debug */,
				8B279F3B2B80A17000C1C298 /* Release */,
			);
			defaultConfigurationIsVisible = 0;
			defaultConfigurationName = Release;
		};
		8B279F3C2B80A17000C1C298 /* Build configuration list for PBXNativeTarget "ToDoList" */ = {
			isa = XCConfigurationList;
			buildConfigurations = (
				8B279F3D2B80A17000C1C298 /* Debug */,
				8B279F3E2B80A17000C1C298 /* Release */,
			);
			defaultConfigurationIsVisible = 0;
			defaultConfigurationName = Release;
		};
/* End XCConfigurationList section */
	};
	rootObject = 8B279F262B80A16E00C1C298 /* Project object */;
}
